// !$*UTF8*$!
{
	archiveVersion = 1;
	classes = {
	};
	objectVersion = 56;
	objects = {

/* Begin PBXBuildFile section */
		5BF58AD82C88A66700A4098B /* MyClipsIOSApp.swift in Sources */ = {isa = PBXBuildFile; fileRef = 5BF58AD72C88A66700A4098B /* MyClipsIOSApp.swift */; };
		5BF58ADA2C88A66700A4098B /* ContentView.swift in Sources */ = {isa = PBXBuildFile; fileRef = 5BF58AD92C88A66700A4098B /* ContentView.swift */; };
		5BF58ADC2C88A66A00A4098B /* Assets.xcassets in Resources */ = {isa = PBXBuildFile; fileRef = 5BF58ADB2C88A66A00A4098B /* Assets.xcassets */; };
		5BF58ADF2C88A66A00A4098B /* Preview Assets.xcassets in Resources */ = {isa = PBXBuildFile; fileRef = 5BF58ADE2C88A66A00A4098B /* Preview Assets.xcassets */; };
		5BF58AE92C88A66B00A4098B /* MyClipsIOSTests.swift in Sources */ = {isa = PBXBuildFile; fileRef = 5BF58AE82C88A66B00A4098B /* MyClipsIOSTests.swift */; };
		5BF58AF32C88A66B00A4098B /* MyClipsIOSUITests.swift in Sources */ = {isa = PBXBuildFile; fileRef = 5BF58AF22C88A66B00A4098B /* MyClipsIOSUITests.swift */; };
		5BF58AF52C88A66B00A4098B /* MyClipsIOSUITestsLaunchTests.swift in Sources */ = {isa = PBXBuildFile; fileRef = 5BF58AF42C88A66B00A4098B /* MyClipsIOSUITestsLaunchTests.swift */; };
		5BF58B022C88AB9300A4098B /* CardView.swift in Sources */ = {isa = PBXBuildFile; fileRef = 5BF58B012C88AB9300A4098B /* CardView.swift */; };
		5BF58B042C88AC3800A4098B /* Post.swift in Sources */ = {isa = PBXBuildFile; fileRef = 5BF58B032C88AC3800A4098B /* Post.swift */; };
/* End PBXBuildFile section */

/* Begin PBXContainerItemProxy section */
		5BF58AE52C88A66B00A4098B /* PBXContainerItemProxy */ = {
			isa = PBXContainerItemProxy;
			containerPortal = 5BF58ACC2C88A66700A4098B /* Project object */;
			proxyType = 1;
			remoteGlobalIDString = 5BF58AD32C88A66700A4098B;
			remoteInfo = MyClipsIOS;
		};
		5BF58AEF2C88A66B00A4098B /* PBXContainerItemProxy */ = {
			isa = PBXContainerItemProxy;
			containerPortal = 5BF58ACC2C88A66700A4098B /* Project object */;
			proxyType = 1;
			remoteGlobalIDString = 5BF58AD32C88A66700A4098B;
			remoteInfo = MyClipsIOS;
		};
/* End PBXContainerItemProxy section */

/* Begin PBXFileReference section */
		5BA54F792C91F3C400C1C60D /* Info.plist */ = {isa = PBXFileReference; lastKnownFileType = text.plist; path = Info.plist; sourceTree = "<group>"; };
		5BF58AD42C88A66700A4098B /* MyClipsIOS.app */ = {isa = PBXFileReference; explicitFileType = wrapper.application; includeInIndex = 0; path = MyClipsIOS.app; sourceTree = BUILT_PRODUCTS_DIR; };
		5BF58AD72C88A66700A4098B /* MyClipsIOSApp.swift */ = {isa = PBXFileReference; lastKnownFileType = sourcecode.swift; path = MyClipsIOSApp.swift; sourceTree = "<group>"; };
		5BF58AD92C88A66700A4098B /* ContentView.swift */ = {isa = PBXFileReference; lastKnownFileType = sourcecode.swift; path = ContentView.swift; sourceTree = "<group>"; };
		5BF58ADB2C88A66A00A4098B /* Assets.xcassets */ = {isa = PBXFileReference; lastKnownFileType = folder.assetcatalog; path = Assets.xcassets; sourceTree = "<group>"; };
		5BF58ADE2C88A66A00A4098B /* Preview Assets.xcassets */ = {isa = PBXFileReference; lastKnownFileType = folder.assetcatalog; path = "Preview Assets.xcassets"; sourceTree = "<group>"; };
		5BF58AE42C88A66B00A4098B /* MyClipsIOSTests.xctest */ = {isa = PBXFileReference; explicitFileType = wrapper.cfbundle; includeInIndex = 0; path = MyClipsIOSTests.xctest; sourceTree = BUILT_PRODUCTS_DIR; };
		5BF58AE82C88A66B00A4098B /* MyClipsIOSTests.swift */ = {isa = PBXFileReference; lastKnownFileType = sourcecode.swift; path = MyClipsIOSTests.swift; sourceTree = "<group>"; };
		5BF58AEE2C88A66B00A4098B /* MyClipsIOSUITests.xctest */ = {isa = PBXFileReference; explicitFileType = wrapper.cfbundle; includeInIndex = 0; path = MyClipsIOSUITests.xctest; sourceTree = BUILT_PRODUCTS_DIR; };
		5BF58AF22C88A66B00A4098B /* MyClipsIOSUITests.swift */ = {isa = PBXFileReference; lastKnownFileType = sourcecode.swift; path = MyClipsIOSUITests.swift; sourceTree = "<group>"; };
		5BF58AF42C88A66B00A4098B /* MyClipsIOSUITestsLaunchTests.swift */ = {isa = PBXFileReference; lastKnownFileType = sourcecode.swift; path = MyClipsIOSUITestsLaunchTests.swift; sourceTree = "<group>"; };
		5BF58B012C88AB9300A4098B /* CardView.swift */ = {isa = PBXFileReference; lastKnownFileType = sourcecode.swift; path = CardView.swift; sourceTree = "<group>"; tabWidth = 4; };
		5BF58B032C88AC3800A4098B /* Post.swift */ = {isa = PBXFileReference; lastKnownFileType = sourcecode.swift; path = Post.swift; sourceTree = "<group>"; };
/* End PBXFileReference section */

/* Begin PBXFrameworksBuildPhase section */
		5BF58AD12C88A66700A4098B /* Frameworks */ = {
			isa = PBXFrameworksBuildPhase;
			buildActionMask = 2147483647;
			files = (
			);
			runOnlyForDeploymentPostprocessing = 0;
		};
		5BF58AE12C88A66B00A4098B /* Frameworks */ = {
			isa = PBXFrameworksBuildPhase;
			buildActionMask = 2147483647;
			files = (
			);
			runOnlyForDeploymentPostprocessing = 0;
		};
		5BF58AEB2C88A66B00A4098B /* Frameworks */ = {
			isa = PBXFrameworksBuildPhase;
			buildActionMask = 2147483647;
			files = (
			);
			runOnlyForDeploymentPostprocessing = 0;
		};
/* End PBXFrameworksBuildPhase section */

/* Begin PBXGroup section */
		5BF58ACB2C88A66700A4098B = {
			isa = PBXGroup;
			children = (
				5BF58AD62C88A66700A4098B /* MyClipsIOS */,
				5BF58AE72C88A66B00A4098B /* MyClipsIOSTests */,
				5BF58AF12C88A66B00A4098B /* MyClipsIOSUITests */,
				5BF58AD52C88A66700A4098B /* Products */,
			);
			sourceTree = "<group>";
		};
		5BF58AD52C88A66700A4098B /* Products */ = {
			isa = PBXGroup;
			children = (
				5BF58AD42C88A66700A4098B /* MyClipsIOS.app */,
				5BF58AE42C88A66B00A4098B /* MyClipsIOSTests.xctest */,
				5BF58AEE2C88A66B00A4098B /* MyClipsIOSUITests.xctest */,
			);
			name = Products;
			sourceTree = "<group>";
		};
		5BF58AD62C88A66700A4098B /* MyClipsIOS */ = {
			isa = PBXGroup;
			children = (
				5BA54F792C91F3C400C1C60D /* Info.plist */,
				5BF58AD72C88A66700A4098B /* MyClipsIOSApp.swift */,
				5BF58AD92C88A66700A4098B /* ContentView.swift */,
				5BF58B012C88AB9300A4098B /* CardView.swift */,
				5BF58ADB2C88A66A00A4098B /* Assets.xcassets */,
				5BF58B052C88AC9300A4098B /* Models */,
				5BF58ADD2C88A66A00A4098B /* Preview Content */,
			);
			path = MyClipsIOS;
			sourceTree = "<group>";
		};
		5BF58ADD2C88A66A00A4098B /* Preview Content */ = {
			isa = PBXGroup;
			children = (
				5BF58ADE2C88A66A00A4098B /* Preview Assets.xcassets */,
			);
			path = "Preview Content";
			sourceTree = "<group>";
		};
		5BF58AE72C88A66B00A4098B /* MyClipsIOSTests */ = {
			isa = PBXGroup;
			children = (
				5BF58AE82C88A66B00A4098B /* MyClipsIOSTests.swift */,
			);
			path = MyClipsIOSTests;
			sourceTree = "<group>";
		};
		5BF58AF12C88A66B00A4098B /* MyClipsIOSUITests */ = {
			isa = PBXGroup;
			children = (
				5BF58AF22C88A66B00A4098B /* MyClipsIOSUITests.swift */,
				5BF58AF42C88A66B00A4098B /* MyClipsIOSUITestsLaunchTests.swift */,
			);
			path = MyClipsIOSUITests;
			sourceTree = "<group>";
		};
		5BF58B052C88AC9300A4098B /* Models */ = {
			isa = PBXGroup;
			children = (
				5BF58B032C88AC3800A4098B /* Post.swift */,
			);
			path = Models;
			sourceTree = "<group>";
		};
/* End PBXGroup section */

/* Begin PBXNativeTarget section */
		5BF58AD32C88A66700A4098B /* MyClipsIOS */ = {
			isa = PBXNativeTarget;
			buildConfigurationList = 5BF58AF82C88A66B00A4098B /* Build configuration list for PBXNativeTarget "MyClipsIOS" */;
			buildPhases = (
				5BF58AD02C88A66700A4098B /* Sources */,
				5BF58AD12C88A66700A4098B /* Frameworks */,
				5BF58AD22C88A66700A4098B /* Resources */,
			);
			buildRules = (
			);
			dependencies = (
			);
			name = MyClipsIOS;
			productName = MyClipsIOS;
			productReference = 5BF58AD42C88A66700A4098B /* MyClipsIOS.app */;
			productType = "com.apple.product-type.application";
		};
		5BF58AE32C88A66B00A4098B /* MyClipsIOSTests */ = {
			isa = PBXNativeTarget;
			buildConfigurationList = 5BF58AFB2C88A66B00A4098B /* Build configuration list for PBXNativeTarget "MyClipsIOSTests" */;
			buildPhases = (
				5BF58AE02C88A66B00A4098B /* Sources */,
				5BF58AE12C88A66B00A4098B /* Frameworks */,
				5BF58AE22C88A66B00A4098B /* Resources */,
			);
			buildRules = (
			);
			dependencies = (
				5BF58AE62C88A66B00A4098B /* PBXTargetDependency */,
			);
			name = MyClipsIOSTests;
			productName = MyClipsIOSTests;
			productReference = 5BF58AE42C88A66B00A4098B /* MyClipsIOSTests.xctest */;
			productType = "com.apple.product-type.bundle.unit-test";
		};
		5BF58AED2C88A66B00A4098B /* MyClipsIOSUITests */ = {
			isa = PBXNativeTarget;
			buildConfigurationList = 5BF58AFE2C88A66B00A4098B /* Build configuration list for PBXNativeTarget "MyClipsIOSUITests" */;
			buildPhases = (
				5BF58AEA2C88A66B00A4098B /* Sources */,
				5BF58AEB2C88A66B00A4098B /* Frameworks */,
				5BF58AEC2C88A66B00A4098B /* Resources */,
			);
			buildRules = (
			);
			dependencies = (
				5BF58AF02C88A66B00A4098B /* PBXTargetDependency */,
			);
			name = MyClipsIOSUITests;
			productName = MyClipsIOSUITests;
			productReference = 5BF58AEE2C88A66B00A4098B /* MyClipsIOSUITests.xctest */;
			productType = "com.apple.product-type.bundle.ui-testing";
		};
/* End PBXNativeTarget section */

/* Begin PBXProject section */
		5BF58ACC2C88A66700A4098B /* Project object */ = {
			isa = PBXProject;
			attributes = {
				BuildIndependentTargetsInParallel = 1;
				LastSwiftUpdateCheck = 1420;
				LastUpgradeCheck = 1420;
				TargetAttributes = {
					5BF58AD32C88A66700A4098B = {
						CreatedOnToolsVersion = 14.2;
					};
					5BF58AE32C88A66B00A4098B = {
						CreatedOnToolsVersion = 14.2;
						TestTargetID = 5BF58AD32C88A66700A4098B;
					};
					5BF58AED2C88A66B00A4098B = {
						CreatedOnToolsVersion = 14.2;
						TestTargetID = 5BF58AD32C88A66700A4098B;
					};
				};
			};
			buildConfigurationList = 5BF58ACF2C88A66700A4098B /* Build configuration list for PBXProject "MyClipsIOS" */;
			compatibilityVersion = "Xcode 14.0";
			developmentRegion = en;
			hasScannedForEncodings = 0;
			knownRegions = (
				en,
				Base,
			);
			mainGroup = 5BF58ACB2C88A66700A4098B;
			productRefGroup = 5BF58AD52C88A66700A4098B /* Products */;
			projectDirPath = "";
			projectRoot = "";
			targets = (
				5BF58AD32C88A66700A4098B /* MyClipsIOS */,
				5BF58AE32C88A66B00A4098B /* MyClipsIOSTests */,
				5BF58AED2C88A66B00A4098B /* MyClipsIOSUITests */,
			);
		};
/* End PBXProject section */

/* Begin PBXResourcesBuildPhase section */
		5BF58AD22C88A66700A4098B /* Resources */ = {
			isa = PBXResourcesBuildPhase;
			buildActionMask = 2147483647;
			files = (
				5BF58ADF2C88A66A00A4098B /* Preview Assets.xcassets in Resources */,
				5BF58ADC2C88A66A00A4098B /* Assets.xcassets in Resources */,
			);
			runOnlyForDeploymentPostprocessing = 0;
		};
		5BF58AE22C88A66B00A4098B /* Resources */ = {
			isa = PBXResourcesBuildPhase;
			buildActionMask = 2147483647;
			files = (
			);
			runOnlyForDeploymentPostprocessing = 0;
		};
		5BF58AEC2C88A66B00A4098B /* Resources */ = {
			isa = PBXResourcesBuildPhase;
			buildActionMask = 2147483647;
			files = (
			);
			runOnlyForDeploymentPostprocessing = 0;
		};
/* End PBXResourcesBuildPhase section */

/* Begin PBXSourcesBuildPhase section */
		5BF58AD02C88A66700A4098B /* Sources */ = {
			isa = PBXSourcesBuildPhase;
			buildActionMask = 2147483647;
			files = (
				5BF58ADA2C88A66700A4098B /* ContentView.swift in Sources */,
				5BF58B022C88AB9300A4098B /* CardView.swift in Sources */,
				5BF58AD82C88A66700A4098B /* MyClipsIOSApp.swift in Sources */,
				5BF58B042C88AC3800A4098B /* Post.swift in Sources */,
			);
			runOnlyForDeploymentPostprocessing = 0;
		};
		5BF58AE02C88A66B00A4098B /* Sources */ = {
			isa = PBXSourcesBuildPhase;
			buildActionMask = 2147483647;
			files = (
				5BF58AE92C88A66B00A4098B /* MyClipsIOSTests.swift in Sources */,
			);
			runOnlyForDeploymentPostprocessing = 0;
		};
		5BF58AEA2C88A66B00A4098B /* Sources */ = {
			isa = PBXSourcesBuildPhase;
			buildActionMask = 2147483647;
			files = (
				5BF58AF52C88A66B00A4098B /* MyClipsIOSUITestsLaunchTests.swift in Sources */,
				5BF58AF32C88A66B00A4098B /* MyClipsIOSUITests.swift in Sources */,
			);
			runOnlyForDeploymentPostprocessing = 0;
		};
/* End PBXSourcesBuildPhase section */

/* Begin PBXTargetDependency section */
		5BF58AE62C88A66B00A4098B /* PBXTargetDependency */ = {
			isa = PBXTargetDependency;
			target = 5BF58AD32C88A66700A4098B /* MyClipsIOS */;
			targetProxy = 5BF58AE52C88A66B00A4098B /* PBXContainerItemProxy */;
		};
		5BF58AF02C88A66B00A4098B /* PBXTargetDependency */ = {
			isa = PBXTargetDependency;
			target = 5BF58AD32C88A66700A4098B /* MyClipsIOS */;
			targetProxy = 5BF58AEF2C88A66B00A4098B /* PBXContainerItemProxy */;
		};
/* End PBXTargetDependency section */

/* Begin XCBuildConfiguration section */
		5BF58AF62C88A66B00A4098B /* Debug */ = {
			isa = XCBuildConfiguration;
			buildSettings = {
				ALWAYS_SEARCH_USER_PATHS = NO;
				CLANG_ANALYZER_NONNULL = YES;
				CLANG_ANALYZER_NUMBER_OBJECT_CONVERSION = YES_AGGRESSIVE;
				CLANG_CXX_LANGUAGE_STANDARD = "gnu++20";
				CLANG_ENABLE_MODULES = YES;
				CLANG_ENABLE_OBJC_ARC = YES;
				CLANG_ENABLE_OBJC_WEAK = YES;
				CLANG_WARN_BLOCK_CAPTURE_AUTORELEASING = YES;
				CLANG_WARN_BOOL_CONVERSION = YES;
				CLANG_WARN_COMMA = YES;
				CLANG_WARN_CONSTANT_CONVERSION = YES;
				CLANG_WARN_DEPRECATED_OBJC_IMPLEMENTATIONS = YES;
				CLANG_WARN_DIRECT_OBJC_ISA_USAGE = YES_ERROR;
				CLANG_WARN_DOCUMENTATION_COMMENTS = YES;
				CLANG_WARN_EMPTY_BODY = YES;
				CLANG_WARN_ENUM_CONVERSION = YES;
				CLANG_WARN_INFINITE_RECURSION = YES;
				CLANG_WARN_INT_CONVERSION = YES;
				CLANG_WARN_NON_LITERAL_NULL_CONVERSION = YES;
				CLANG_WARN_OBJC_IMPLICIT_RETAIN_SELF = YES;
				CLANG_WARN_OBJC_LITERAL_CONVERSION = YES;
				CLANG_WARN_OBJC_ROOT_CLASS = YES_ERROR;
				CLANG_WARN_QUOTED_INCLUDE_IN_FRAMEWORK_HEADER = YES;
				CLANG_WARN_RANGE_LOOP_ANALYSIS = YES;
				CLANG_WARN_STRICT_PROTOTYPES = YES;
				CLANG_WARN_SUSPICIOUS_MOVE = YES;
				CLANG_WARN_UNGUARDED_AVAILABILITY = YES_AGGRESSIVE;
				CLANG_WARN_UNREACHABLE_CODE = YES;
				CLANG_WARN__DUPLICATE_METHOD_MATCH = YES;
				COPY_PHASE_STRIP = NO;
				DEBUG_INFORMATION_FORMAT = dwarf;
				ENABLE_STRICT_OBJC_MSGSEND = YES;
				ENABLE_TESTABILITY = YES;
				GCC_C_LANGUAGE_STANDARD = gnu11;
				GCC_DYNAMIC_NO_PIC = NO;
				GCC_NO_COMMON_BLOCKS = YES;
				GCC_OPTIMIZATION_LEVEL = 0;
				GCC_PREPROCESSOR_DEFINITIONS = (
					"DEBUG=1",
					"$(inherited)",
				);
				GCC_WARN_64_TO_32_BIT_CONVERSION = YES;
				GCC_WARN_ABOUT_RETURN_TYPE = YES_ERROR;
				GCC_WARN_UNDECLARED_SELECTOR = YES;
				GCC_WARN_UNINITIALIZED_AUTOS = YES_AGGRESSIVE;
				GCC_WARN_UNUSED_FUNCTION = YES;
				GCC_WARN_UNUSED_VARIABLE = YES;
				IPHONEOS_DEPLOYMENT_TARGET = 16.2;
				MTL_ENABLE_DEBUG_INFO = INCLUDE_SOURCE;
				MTL_FAST_MATH = YES;
				ONLY_ACTIVE_ARCH = YES;
				SDKROOT = iphoneos;
				SWIFT_ACTIVE_COMPILATION_CONDITIONS = DEBUG;
				SWIFT_OPTIMIZATION_LEVEL = "-Onone";
			};
			name = Debug;
		};
		5BF58AF72C88A66B00A4098B /* Release */ = {
			isa = XCBuildConfiguration;
			buildSettings = {
				ALWAYS_SEARCH_USER_PATHS = NO;
				CLANG_ANALYZER_NONNULL = YES;
				CLANG_ANALYZER_NUMBER_OBJECT_CONVERSION = YES_AGGRESSIVE;
				CLANG_CXX_LANGUAGE_STANDARD = "gnu++20";
				CLANG_ENABLE_MODULES = YES;
				CLANG_ENABLE_OBJC_ARC = YES;
				CLANG_ENABLE_OBJC_WEAK = YES;
				CLANG_WARN_BLOCK_CAPTURE_AUTORELEASING = YES;
				CLANG_WARN_BOOL_CONVERSION = YES;
				CLANG_WARN_COMMA = YES;
				CLANG_WARN_CONSTANT_CONVERSION = YES;
				CLANG_WARN_DEPRECATED_OBJC_IMPLEMENTATIONS = YES;
				CLANG_WARN_DIRECT_OBJC_ISA_USAGE = YES_ERROR;
				CLANG_WARN_DOCUMENTATION_COMMENTS = YES;
				CLANG_WARN_EMPTY_BODY = YES;
				CLANG_WARN_ENUM_CONVERSION = YES;
				CLANG_WARN_INFINITE_RECURSION = YES;
				CLANG_WARN_INT_CONVERSION = YES;
				CLANG_WARN_NON_LITERAL_NULL_CONVERSION = YES;
				CLANG_WARN_OBJC_IMPLICIT_RETAIN_SELF = YES;
				CLANG_WARN_OBJC_LITERAL_CONVERSION = YES;
				CLANG_WARN_OBJC_ROOT_CLASS = YES_ERROR;
				CLANG_WARN_QUOTED_INCLUDE_IN_FRAMEWORK_HEADER = YES;
				CLANG_WARN_RANGE_LOOP_ANALYSIS = YES;
				CLANG_WARN_STRICT_PROTOTYPES = YES;
				CLANG_WARN_SUSPICIOUS_MOVE = YES;
				CLANG_WARN_UNGUARDED_AVAILABILITY = YES_AGGRESSIVE;
				CLANG_WARN_UNREACHABLE_CODE = YES;
				CLANG_WARN__DUPLICATE_METHOD_MATCH = YES;
				COPY_PHASE_STRIP = NO;
				DEBUG_INFORMATION_FORMAT = "dwarf-with-dsym";
				ENABLE_NS_ASSERTIONS = NO;
				ENABLE_STRICT_OBJC_MSGSEND = YES;
				GCC_C_LANGUAGE_STANDARD = gnu11;
				GCC_NO_COMMON_BLOCKS = YES;
				GCC_WARN_64_TO_32_BIT_CONVERSION = YES;
				GCC_WARN_ABOUT_RETURN_TYPE = YES_ERROR;
				GCC_WARN_UNDECLARED_SELECTOR = YES;
				GCC_WARN_UNINITIALIZED_AUTOS = YES_AGGRESSIVE;
				GCC_WARN_UNUSED_FUNCTION = YES;
				GCC_WARN_UNUSED_VARIABLE = YES;
				IPHONEOS_DEPLOYMENT_TARGET = 16.2;
				MTL_ENABLE_DEBUG_INFO = NO;
				MTL_FAST_MATH = YES;
				SDKROOT = iphoneos;
				SWIFT_COMPILATION_MODE = wholemodule;
				SWIFT_OPTIMIZATION_LEVEL = "-O";
				VALIDATE_PRODUCT = YES;
			};
			name = Release;
		};
		5BF58AF92C88A66B00A4098B /* Debug */ = {
			isa = XCBuildConfiguration;
			buildSettings = {
				ASSETCATALOG_COMPILER_APPICON_NAME = AppIcon;
				ASSETCATALOG_COMPILER_GLOBAL_ACCENT_COLOR_NAME = AccentColor;
				CODE_SIGN_STYLE = Automatic;
				CURRENT_PROJECT_VERSION = 1;
				DEVELOPMENT_ASSET_PATHS = "\"MyClipsIOS/Preview Content\"";
				DEVELOPMENT_TEAM = LN9B6P532K;
				ENABLE_PREVIEWS = YES;
				GENERATE_INFOPLIST_FILE = YES;
				INFOPLIST_FILE = MyClipsIOS/Info.plist;
				INFOPLIST_KEY_UIApplicationSceneManifest_Generation = YES;
				INFOPLIST_KEY_UIApplicationSupportsIndirectInputEvents = YES;
				INFOPLIST_KEY_UILaunchScreen_Generation = YES;
				INFOPLIST_KEY_UISupportedInterfaceOrientations_iPad = "UIInterfaceOrientationPortrait UIInterfaceOrientationPortraitUpsideDown UIInterfaceOrientationLandscapeLeft UIInterfaceOrientationLandscapeRight";
				INFOPLIST_KEY_UISupportedInterfaceOrientations_iPhone = "UIInterfaceOrientationPortrait UIInterfaceOrientationLandscapeLeft UIInterfaceOrientationLandscapeRight";
				IPHONEOS_DEPLOYMENT_TARGET = 15.6;
				LD_RUNPATH_SEARCH_PATHS = (
					"$(inherited)",
					"@executable_path/Frameworks",
				);
				MARKETING_VERSION = 1.0;
				PRODUCT_BUNDLE_IDENTIFIER = sporteurope.MyClipsIOS;
				PRODUCT_NAME = "$(TARGET_NAME)";
				SWIFT_EMIT_LOC_STRINGS = YES;
				SWIFT_VERSION = 5.0;
				TARGETED_DEVICE_FAMILY = "1,2";
			};
			name = Debug;
		};
		5BF58AFA2C88A66B00A4098B /* Release */ = {
			isa = XCBuildConfiguration;
			buildSettings = {
				ASSETCATALOG_COMPILER_APPICON_NAME = AppIcon;
				ASSETCATALOG_COMPILER_GLOBAL_ACCENT_COLOR_NAME = AccentColor;
				CODE_SIGN_STYLE = Automatic;
				CURRENT_PROJECT_VERSION = 1;
				DEVELOPMENT_ASSET_PATHS = "\"MyClipsIOS/Preview Content\"";
				DEVELOPMENT_TEAM = LN9B6P532K;
				ENABLE_PREVIEWS = YES;
				GENERATE_INFOPLIST_FILE = YES;
				INFOPLIST_FILE = MyClipsIOS/Info.plist;
				INFOPLIST_KEY_UIApplicationSceneManifest_Generation = YES;
				INFOPLIST_KEY_UIApplicationSupportsIndirectInputEvents = YES;
				INFOPLIST_KEY_UILaunchScreen_Generation = YES;
				INFOPLIST_KEY_UISupportedInterfaceOrientations_iPad = "UIInterfaceOrientationPortrait UIInterfaceOrientationPortraitUpsideDown UIInterfaceOrientationLandscapeLeft UIInterfaceOrientationLandscapeRight";
				INFOPLIST_KEY_UISupportedInterfaceOrientations_iPhone = "UIInterfaceOrientationPortrait UIInterfaceOrientationLandscapeLeft UIInterfaceOrientationLandscapeRight";
				IPHONEOS_DEPLOYMENT_TARGET = 15.6;
				LD_RUNPATH_SEARCH_PATHS = (
					"$(inherited)",
					"@executable_path/Frameworks",
				);
				MARKETING_VERSION = 1.0;
				PRODUCT_BUNDLE_IDENTIFIER = sporteurope.MyClipsIOS;
				PRODUCT_NAME = "$(TARGET_NAME)";
				SWIFT_EMIT_LOC_STRINGS = YES;
				SWIFT_VERSION = 5.0;
				TARGETED_DEVICE_FAMILY = "1,2";
			};
			name = Release;
		};
		5BF58AFC2C88A66B00A4098B /* Debug */ = {
			isa = XCBuildConfiguration;
			buildSettings = {
				ALWAYS_EMBED_SWIFT_STANDARD_LIBRARIES = YES;
				BUNDLE_LOADER = "$(TEST_HOST)";
				CODE_SIGN_STYLE = Automatic;
				CURRENT_PROJECT_VERSION = 1;
				DEVELOPMENT_TEAM = LN9B6P532K;
				GENERATE_INFOPLIST_FILE = YES;
				IPHONEOS_DEPLOYMENT_TARGET = 16.2;
				MARKETING_VERSION = 1.0;
				PRODUCT_BUNDLE_IDENTIFIER = sporteurope.MyClipsIOSTests;
				PRODUCT_NAME = "$(TARGET_NAME)";
				SWIFT_EMIT_LOC_STRINGS = NO;
				SWIFT_VERSION = 5.0;
				TARGETED_DEVICE_FAMILY = "1,2";
				TEST_HOST = "$(BUILT_PRODUCTS_DIR)/MyClipsIOS.app/$(BUNDLE_EXECUTABLE_FOLDER_PATH)/MyClipsIOS";
			};
			name = Debug;
		};
		5BF58AFD2C88A66B00A4098B /* Release */ = {
			isa = XCBuildConfiguration;
			buildSettings = {
				ALWAYS_EMBED_SWIFT_STANDARD_LIBRARIES = YES;
				BUNDLE_LOADER = "$(TEST_HOST)";
				CODE_SIGN_STYLE = Automatic;
				CURRENT_PROJECT_VERSION = 1;
				DEVELOPMENT_TEAM = LN9B6P532K;
				GENERATE_INFOPLIST_FILE = YES;
				IPHONEOS_DEPLOYMENT_TARGET = 16.2;
				MARKETING_VERSION = 1.0;
				PRODUCT_BUNDLE_IDENTIFIER = sporteurope.MyClipsIOSTests;
				PRODUCT_NAME = "$(TARGET_NAME)";
				SWIFT_EMIT_LOC_STRINGS = NO;
				SWIFT_VERSION = 5.0;
				TARGETED_DEVICE_FAMILY = "1,2";
				TEST_HOST = "$(BUILT_PRODUCTS_DIR)/MyClipsIOS.app/$(BUNDLE_EXECUTABLE_FOLDER_PATH)/MyClipsIOS";
			};
			name = Release;
		};
		5BF58AFF2C88A66B00A4098B /* Debug */ = {
			isa = XCBuildConfiguration;
			buildSettings = {
				ALWAYS_EMBED_SWIFT_STANDARD_LIBRARIES = YES;
				CODE_SIGN_STYLE = Automatic;
				CURRENT_PROJECT_VERSION = 1;
				DEVELOPMENT_TEAM = LN9B6P532K;
				GENERATE_INFOPLIST_FILE = YES;
				MARKETING_VERSION = 1.0;
				PRODUCT_BUNDLE_IDENTIFIER = sporteurope.MyClipsIOSUITests;
				PRODUCT_NAME = "$(TARGET_NAME)";
				SWIFT_EMIT_LOC_STRINGS = NO;
				SWIFT_VERSION = 5.0;
				TARGETED_DEVICE_FAMILY = "1,2";
				TEST_TARGET_NAME = MyClipsIOS;
			};
			name = Debug;
		};
		5BF58B002C88A66B00A4098B /* Release */ = {
			isa = XCBuildConfiguration;
			buildSettings = {
				ALWAYS_EMBED_SWIFT_STANDARD_LIBRARIES = YES;
				CODE_SIGN_STYLE = Automatic;
				CURRENT_PROJECT_VERSION = 1;
				DEVELOPMENT_TEAM = LN9B6P532K;
				GENERATE_INFOPLIST_FILE = YES;
				MARKETING_VERSION = 1.0;
				PRODUCT_BUNDLE_IDENTIFIER = sporteurope.MyClipsIOSUITests;
				PRODUCT_NAME = "$(TARGET_NAME)";
				SWIFT_EMIT_LOC_STRINGS = NO;
				SWIFT_VERSION = 5.0;
				TARGETED_DEVICE_FAMILY = "1,2";
				TEST_TARGET_NAME = MyClipsIOS;
			};
			name = Release;
		};
/* End XCBuildConfiguration section */

/* Begin XCConfigurationList section */
		5BF58ACF2C88A66700A4098B /* Build configuration list for PBXProject "MyClipsIOS" */ = {
			isa = XCConfigurationList;
			buildConfigurations = (
				5BF58AF62C88A66B00A4098B /* Debug */,
				5BF58AF72C88A66B00A4098B /* Release */,
			);
			defaultConfigurationIsVisible = 0;
			defaultConfigurationName = Release;
		};
		5BF58AF82C88A66B00A4098B /* Build configuration list for PBXNativeTarget "MyClipsIOS" */ = {
			isa = XCConfigurationList;
			buildConfigurations = (
				5BF58AF92C88A66B00A4098B /* Debug */,
				5BF58AFA2C88A66B00A4098B /* Release */,
			);
			defaultConfigurationIsVisible = 0;
			defaultConfigurationName = Release;
		};
		5BF58AFB2C88A66B00A4098B /* Build configuration list for PBXNativeTarget "MyClipsIOSTests" */ = {
			isa = XCConfigurationList;
			buildConfigurations = (
				5BF58AFC2C88A66B00A4098B /* Debug */,
				5BF58AFD2C88A66B00A4098B /* Release */,
			);
			defaultConfigurationIsVisible = 0;
			defaultConfigurationName = Release;
		};
		5BF58AFE2C88A66B00A4098B /* Build configuration list for PBXNativeTarget "MyClipsIOSUITests" */ = {
			isa = XCConfigurationList;
			buildConfigurations = (
				5BF58AFF2C88A66B00A4098B /* Debug */,
				5BF58B002C88A66B00A4098B /* Release */,
			);
			defaultConfigurationIsVisible = 0;
			defaultConfigurationName = Release;
		};
/* End XCConfigurationList section */
	};
	rootObject = 5BF58ACC2C88A66700A4098B /* Project object */;
}
